PODS:
  - FacePhoto (0.1.0)
  - Nimble (10.0.0)
  - Quick (2.2.1)

DEPENDENCIES:
  - FacePhoto (from `../`)
  - Nimble (~> 10.0.0)
  - Quick (~> 2.2.0)

SPEC REPOS:
  trunk:
    - Nimble
    - Quick

EXTERNAL SOURCES:
  FacePhoto:
    :path: "../"

SPEC CHECKSUMS:
  FacePhoto: b0ff746c12d7f81f1ee35678a6354ad1635cd6a9
  Nimble: 5316ef81a170ce87baf72dd961f22f89a602ff84
  Quick: f5754d69b7013f5864c29aab9ae6f0c79c5bc200

PODFILE CHECKSUM: f4bf2ecec85f28af7c9e93061ad6f8a3d5ba3cc3

COCOAPODS: 1.11.3
